// !$*UTF8*$!
{
	archiveVersion = 1;
	classes = {
	};
	objectVersion = 50;
	objects = {

/* Begin PBXBuildFile section */
		49D355C726170A2E008B9550 /* Play_SetApp.swift in Sources */ = {isa = PBXBuildFile; fileRef = 49D355C626170A2E008B9550 /* Play_SetApp.swift */; };
		49D355C926170A2E008B9550 /* ContentView.swift in Sources */ = {isa = PBXBuildFile; fileRef = 49D355C826170A2E008B9550 /* ContentView.swift */; };
		49D355CB26170A2F008B9550 /* Assets.xcassets in Resources */ = {isa = PBXBuildFile; fileRef = 49D355CA26170A2F008B9550 /* Assets.xcassets */; };
		49D355CE26170A2F008B9550 /* Preview Assets.xcassets in Resources */ = {isa = PBXBuildFile; fileRef = 49D355CD26170A2F008B9550 /* Preview Assets.xcassets */; };
		49D355D726170B98008B9550 /* GameModel.swift in Sources */ = {isa = PBXBuildFile; fileRef = 49D355D626170B98008B9550 /* GameModel.swift */; };
		49D355DA26170BC1008B9550 /* GameModelController.swift in Sources */ = {isa = PBXBuildFile; fileRef = 49D355D926170BC1008B9550 /* GameModelController.swift */; };
		49D355E526172CEB008B9550 /* Card.swift in Sources */ = {isa = PBXBuildFile; fileRef = 49D355E426172CEB008B9550 /* Card.swift */; };
		49D355EE26243D1A008B9550 /* Grid.swift in Sources */ = {isa = PBXBuildFile; fileRef = 49D355EC26243D19008B9550 /* Grid.swift */; };
		49D355EF26243D1A008B9550 /* GridLayout.swift in Sources */ = {isa = PBXBuildFile; fileRef = 49D355ED26243D1A008B9550 /* GridLayout.swift */; };
		49D355F326243DD0008B9550 /* Array+Identifiable.swift in Sources */ = {isa = PBXBuildFile; fileRef = 49D355F226243DD0008B9550 /* Array+Identifiable.swift */; };
		49D355F6262464B3008B9550 /* Figure.swift in Sources */ = {isa = PBXBuildFile; fileRef = 49D355F5262464B3008B9550 /* Figure.swift */; };
		49D355FA26246517008B9550 /* AnyShape.swift in Sources */ = {isa = PBXBuildFile; fileRef = 49D355F926246517008B9550 /* AnyShape.swift */; };
		49D355FE2624653A008B9550 /* CardView.swift in Sources */ = {isa = PBXBuildFile; fileRef = 49D355FD2624653A008B9550 /* CardView.swift */; };
		49D356032624661A008B9550 /* Diamond.swift in Sources */ = {isa = PBXBuildFile; fileRef = 49D356022624661A008B9550 /* Diamond.swift */; };
/* End PBXBuildFile section */

/* Begin PBXFileReference section */
		49D355C326170A2E008B9550 /* Play Set.app */ = {isa = PBXFileReference; explicitFileType = wrapper.application; includeInIndex = 0; path = "Play Set.app"; sourceTree = BUILT_PRODUCTS_DIR; };
		49D355C626170A2E008B9550 /* Play_SetApp.swift */ = {isa = PBXFileReference; lastKnownFileType = sourcecode.swift; path = Play_SetApp.swift; sourceTree = "<group>"; };
		49D355C826170A2E008B9550 /* ContentView.swift */ = {isa = PBXFileReference; lastKnownFileType = sourcecode.swift; path = ContentView.swift; sourceTree = "<group>"; };
		49D355CA26170A2F008B9550 /* Assets.xcassets */ = {isa = PBXFileReference; lastKnownFileType = folder.assetcatalog; path = Assets.xcassets; sourceTree = "<group>"; };
		49D355CD26170A2F008B9550 /* Preview Assets.xcassets */ = {isa = PBXFileReference; lastKnownFileType = folder.assetcatalog; path = "Preview Assets.xcassets"; sourceTree = "<group>"; };
		49D355CF26170A2F008B9550 /* Info.plist */ = {isa = PBXFileReference; lastKnownFileType = text.plist.xml; path = Info.plist; sourceTree = "<group>"; };
		49D355D626170B98008B9550 /* GameModel.swift */ = {isa = PBXFileReference; lastKnownFileType = sourcecode.swift; path = GameModel.swift; sourceTree = "<group>"; };
		49D355D926170BC1008B9550 /* GameModelController.swift */ = {isa = PBXFileReference; lastKnownFileType = sourcecode.swift; path = GameModelController.swift; sourceTree = "<group>"; };
		49D355E426172CEB008B9550 /* Card.swift */ = {isa = PBXFileReference; lastKnownFileType = sourcecode.swift; name = Card.swift; path = "Play Set/Card.swift"; sourceTree = SOURCE_ROOT; };
		49D355EC26243D19008B9550 /* Grid.swift */ = {isa = PBXFileReference; fileEncoding = 4; lastKnownFileType = sourcecode.swift; path = Grid.swift; sourceTree = "<group>"; };
		49D355ED26243D1A008B9550 /* GridLayout.swift */ = {isa = PBXFileReference; fileEncoding = 4; lastKnownFileType = sourcecode.swift; path = GridLayout.swift; sourceTree = "<group>"; };
		49D355F226243DD0008B9550 /* Array+Identifiable.swift */ = {isa = PBXFileReference; fileEncoding = 4; lastKnownFileType = sourcecode.swift; path = "Array+Identifiable.swift"; sourceTree = "<group>"; };
		49D355F5262464B3008B9550 /* Figure.swift */ = {isa = PBXFileReference; lastKnownFileType = sourcecode.swift; path = Figure.swift; sourceTree = "<group>"; };
		49D355F926246517008B9550 /* AnyShape.swift */ = {isa = PBXFileReference; lastKnownFileType = sourcecode.swift; path = AnyShape.swift; sourceTree = "<group>"; };
		49D355FD2624653A008B9550 /* CardView.swift */ = {isa = PBXFileReference; lastKnownFileType = sourcecode.swift; path = CardView.swift; sourceTree = "<group>"; };
		49D356022624661A008B9550 /* Diamond.swift */ = {isa = PBXFileReference; lastKnownFileType = sourcecode.swift; path = Diamond.swift; sourceTree = "<group>"; };
/* End PBXFileReference section */

/* Begin PBXFrameworksBuildPhase section */
		49D355C026170A2E008B9550 /* Frameworks */ = {
			isa = PBXFrameworksBuildPhase;
			buildActionMask = 2147483647;
			files = (
			);
			runOnlyForDeploymentPostprocessing = 0;
		};
/* End PBXFrameworksBuildPhase section */

/* Begin PBXGroup section */
		49D355BA26170A2E008B9550 = {
			isa = PBXGroup;
			children = (
				49D355F826246507008B9550 /* Polyfills */,
				49D355C526170A2E008B9550 /* Play Set */,
				49D355C426170A2E008B9550 /* Products */,
			);
			sourceTree = "<group>";
		};
		49D355C426170A2E008B9550 /* Products */ = {
			isa = PBXGroup;
			children = (
				49D355C326170A2E008B9550 /* Play Set.app */,
			);
			name = Products;
			sourceTree = "<group>";
		};
		49D355C526170A2E008B9550 /* Play Set */ = {
			isa = PBXGroup;
			children = (
				49D355C626170A2E008B9550 /* Play_SetApp.swift */,
				49D355F126243DBE008B9550 /* Extensions */,
				49D355DF26170BFD008B9550 /* Component */,
				49D355DE26170BF0008B9550 /* Screen */,
				49D355DD26170BDC008B9550 /* ViewModel */,
				49D355DC26170BC9008B9550 /* Model */,
				49D355CA26170A2F008B9550 /* Assets.xcassets */,
				49D355CF26170A2F008B9550 /* Info.plist */,
				49D355CC26170A2F008B9550 /* Preview Content */,
			);
			path = "Play Set";
			sourceTree = "<group>";
		};
		49D355CC26170A2F008B9550 /* Preview Content */ = {
			isa = PBXGroup;
			children = (
				49D355CD26170A2F008B9550 /* Preview Assets.xcassets */,
			);
			path = "Preview Content";
			sourceTree = "<group>";
		};
		49D355DC26170BC9008B9550 /* Model */ = {
			isa = PBXGroup;
			children = (
				49D355D626170B98008B9550 /* GameModel.swift */,
				49D355E426172CEB008B9550 /* Card.swift */,
			);
			path = Model;
			sourceTree = "<group>";
		};
		49D355DD26170BDC008B9550 /* ViewModel */ = {
			isa = PBXGroup;
			children = (
				49D355D926170BC1008B9550 /* GameModelController.swift */,
			);
			path = ViewModel;
			sourceTree = "<group>";
		};
		49D355DE26170BF0008B9550 /* Screen */ = {
			isa = PBXGroup;
			children = (
				49D355C826170A2E008B9550 /* ContentView.swift */,
			);
			path = Screen;
			sourceTree = "<group>";
		};
		49D355DF26170BFD008B9550 /* Component */ = {
			isa = PBXGroup;
			children = (
				49D355EC26243D19008B9550 /* Grid.swift */,
				49D355ED26243D1A008B9550 /* GridLayout.swift */,
				49D355F5262464B3008B9550 /* Figure.swift */,
				49D355FD2624653A008B9550 /* CardView.swift */,
				49D356022624661A008B9550 /* Diamond.swift */,
			);
			path = Component;
			sourceTree = "<group>";
		};
		49D355F126243DBE008B9550 /* Extensions */ = {
			isa = PBXGroup;
			children = (
				49D355F226243DD0008B9550 /* Array+Identifiable.swift */,
			);
			path = Extensions;
			sourceTree = "<group>";
		};
		49D355F826246507008B9550 /* Polyfills */ = {
			isa = PBXGroup;
			children = (
				49D355F926246517008B9550 /* AnyShape.swift */,
			);
			path = Polyfills;
			sourceTree = "<group>";
		};
/* End PBXGroup section */

/* Begin PBXNativeTarget section */
		49D355C226170A2E008B9550 /* Play Set */ = {
			isa = PBXNativeTarget;
			buildConfigurationList = 49D355D226170A2F008B9550 /* Build configuration list for PBXNativeTarget "Play Set" */;
			buildPhases = (
				49D355BF26170A2E008B9550 /* Sources */,
				49D355C026170A2E008B9550 /* Frameworks */,
				49D355C126170A2E008B9550 /* Resources */,
			);
			buildRules = (
			);
			dependencies = (
			);
			name = "Play Set";
			productName = "Play Set";
			productReference = 49D355C326170A2E008B9550 /* Play Set.app */;
			productType = "com.apple.product-type.application";
		};
/* End PBXNativeTarget section */

/* Begin PBXProject section */
		49D355BB26170A2E008B9550 /* Project object */ = {
			isa = PBXProject;
			attributes = {
				LastSwiftUpdateCheck = 1240;
				LastUpgradeCheck = 1240;
				TargetAttributes = {
					49D355C226170A2E008B9550 = {
						CreatedOnToolsVersion = 12.4;
					};
				};
			};
			buildConfigurationList = 49D355BE26170A2E008B9550 /* Build configuration list for PBXProject "Play Set" */;
			compatibilityVersion = "Xcode 9.3";
			developmentRegion = en;
			hasScannedForEncodings = 0;
			knownRegions = (
				en,
				Base,
			);
			mainGroup = 49D355BA26170A2E008B9550;
			productRefGroup = 49D355C426170A2E008B9550 /* Products */;
			projectDirPath = "";
			projectRoot = "";
			targets = (
				49D355C226170A2E008B9550 /* Play Set */,
			);
		};
/* End PBXProject section */

/* Begin PBXResourcesBuildPhase section */
		49D355C126170A2E008B9550 /* Resources */ = {
			isa = PBXResourcesBuildPhase;
			buildActionMask = 2147483647;
			files = (
				49D355CE26170A2F008B9550 /* Preview Assets.xcassets in Resources */,
				49D355CB26170A2F008B9550 /* Assets.xcassets in Resources */,
			);
			runOnlyForDeploymentPostprocessing = 0;
		};
/* End PBXResourcesBuildPhase section */

/* Begin PBXSourcesBuildPhase section */
		49D355BF26170A2E008B9550 /* Sources */ = {
			isa = PBXSourcesBuildPhase;
			buildActionMask = 2147483647;
			files = (
				49D356032624661A008B9550 /* Diamond.swift in Sources */,
				49D355FA26246517008B9550 /* AnyShape.swift in Sources */,
				49D355E526172CEB008B9550 /* Card.swift in Sources */,
				49D355C926170A2E008B9550 /* ContentView.swift in Sources */,
				49D355C726170A2E008B9550 /* Play_SetApp.swift in Sources */,
				49D355D726170B98008B9550 /* GameModel.swift in Sources */,
				49D355DA26170BC1008B9550 /* GameModelController.swift in Sources */,
				49D355F6262464B3008B9550 /* Figure.swift in Sources */,
				49D355F326243DD0008B9550 /* Array+Identifiable.swift in Sources */,
				49D355EF26243D1A008B9550 /* GridLayout.swift in Sources */,
				49D355EE26243D1A008B9550 /* Grid.swift in Sources */,
				49D355FE2624653A008B9550 /* CardView.swift in Sources */,
			);
			runOnlyForDeploymentPostprocessing = 0;
		};
/* End PBXSourcesBuildPhase section */

/* Begin XCBuildConfiguration section */
		49D355D026170A2F008B9550 /* Debug */ = {
			isa = XCBuildConfiguration;
			buildSettings = {
				ALWAYS_SEARCH_USER_PATHS = NO;
				CLANG_ANALYZER_NONNULL = YES;
				CLANG_ANALYZER_NUMBER_OBJECT_CONVERSION = YES_AGGRESSIVE;
				CLANG_CXX_LANGUAGE_STANDARD = "gnu++14";
				CLANG_CXX_LIBRARY = "libc++";
				CLANG_ENABLE_MODULES = YES;
				CLANG_ENABLE_OBJC_ARC = YES;
				CLANG_ENABLE_OBJC_WEAK = YES;
				CLANG_WARN_BLOCK_CAPTURE_AUTORELEASING = YES;
				CLANG_WARN_BOOL_CONVERSION = YES;
				CLANG_WARN_COMMA = YES;
				CLANG_WARN_CONSTANT_CONVERSION = YES;
				CLANG_WARN_DEPRECATED_OBJC_IMPLEMENTATIONS = YES;
				CLANG_WARN_DIRECT_OBJC_ISA_USAGE = YES_ERROR;
				CLANG_WARN_DOCUMENTATION_COMMENTS = YES;
				CLANG_WARN_EMPTY_BODY = YES;
				CLANG_WARN_ENUM_CONVERSION = YES;
				CLANG_WARN_INFINITE_RECURSION = YES;
				CLANG_WARN_INT_CONVERSION = YES;
				CLANG_WARN_NON_LITERAL_NULL_CONVERSION = YES;
				CLANG_WARN_OBJC_IMPLICIT_RETAIN_SELF = YES;
				CLANG_WARN_OBJC_LITERAL_CONVERSION = YES;
				CLANG_WARN_OBJC_ROOT_CLASS = YES_ERROR;
				CLANG_WARN_QUOTED_INCLUDE_IN_FRAMEWORK_HEADER = YES;
				CLANG_WARN_RANGE_LOOP_ANALYSIS = YES;
				CLANG_WARN_STRICT_PROTOTYPES = YES;
				CLANG_WARN_SUSPICIOUS_MOVE = YES;
				CLANG_WARN_UNGUARDED_AVAILABILITY = YES_AGGRESSIVE;
				CLANG_WARN_UNREACHABLE_CODE = YES;
				CLANG_WARN__DUPLICATE_METHOD_MATCH = YES;
				COPY_PHASE_STRIP = NO;
				DEBUG_INFORMATION_FORMAT = dwarf;
				ENABLE_STRICT_OBJC_MSGSEND = YES;
				ENABLE_TESTABILITY = YES;
				GCC_C_LANGUAGE_STANDARD = gnu11;
				GCC_DYNAMIC_NO_PIC = NO;
				GCC_NO_COMMON_BLOCKS = YES;
				GCC_OPTIMIZATION_LEVEL = 0;
				GCC_PREPROCESSOR_DEFINITIONS = (
					"DEBUG=1",
					"$(inherited)",
				);
				GCC_WARN_64_TO_32_BIT_CONVERSION = YES;
				GCC_WARN_ABOUT_RETURN_TYPE = YES_ERROR;
				GCC_WARN_UNDECLARED_SELECTOR = YES;
				GCC_WARN_UNINITIALIZED_AUTOS = YES_AGGRESSIVE;
				GCC_WARN_UNUSED_FUNCTION = YES;
				GCC_WARN_UNUSED_VARIABLE = YES;
				IPHONEOS_DEPLOYMENT_TARGET = 14.4;
				MTL_ENABLE_DEBUG_INFO = INCLUDE_SOURCE;
				MTL_FAST_MATH = YES;
				ONLY_ACTIVE_ARCH = YES;
				SDKROOT = iphoneos;
				SWIFT_ACTIVE_COMPILATION_CONDITIONS = DEBUG;
				SWIFT_OPTIMIZATION_LEVEL = "-Onone";
			};
			name = Debug;
		};
		49D355D126170A2F008B9550 /* Release */ = {
			isa = XCBuildConfiguration;
			buildSettings = {
				ALWAYS_SEARCH_USER_PATHS = NO;
				CLANG_ANALYZER_NONNULL = YES;
				CLANG_ANALYZER_NUMBER_OBJECT_CONVERSION = YES_AGGRESSIVE;
				CLANG_CXX_LANGUAGE_STANDARD = "gnu++14";
				CLANG_CXX_LIBRARY = "libc++";
				CLANG_ENABLE_MODULES = YES;
				CLANG_ENABLE_OBJC_ARC = YES;
				CLANG_ENABLE_OBJC_WEAK = YES;
				CLANG_WARN_BLOCK_CAPTURE_AUTORELEASING = YES;
				CLANG_WARN_BOOL_CONVERSION = YES;
				CLANG_WARN_COMMA = YES;
				CLANG_WARN_CONSTANT_CONVERSION = YES;
				CLANG_WARN_DEPRECATED_OBJC_IMPLEMENTATIONS = YES;
				CLANG_WARN_DIRECT_OBJC_ISA_USAGE = YES_ERROR;
				CLANG_WARN_DOCUMENTATION_COMMENTS = YES;
				CLANG_WARN_EMPTY_BODY = YES;
				CLANG_WARN_ENUM_CONVERSION = YES;
				CLANG_WARN_INFINITE_RECURSION = YES;
				CLANG_WARN_INT_CONVERSION = YES;
				CLANG_WARN_NON_LITERAL_NULL_CONVERSION = YES;
				CLANG_WARN_OBJC_IMPLICIT_RETAIN_SELF = YES;
				CLANG_WARN_OBJC_LITERAL_CONVERSION = YES;
				CLANG_WARN_OBJC_ROOT_CLASS = YES_ERROR;
				CLANG_WARN_QUOTED_INCLUDE_IN_FRAMEWORK_HEADER = YES;
				CLANG_WARN_RANGE_LOOP_ANALYSIS = YES;
				CLANG_WARN_STRICT_PROTOTYPES = YES;
				CLANG_WARN_SUSPICIOUS_MOVE = YES;
				CLANG_WARN_UNGUARDED_AVAILABILITY = YES_AGGRESSIVE;
				CLANG_WARN_UNREACHABLE_CODE = YES;
				CLANG_WARN__DUPLICATE_METHOD_MATCH = YES;
				COPY_PHASE_STRIP = NO;
				DEBUG_INFORMATION_FORMAT = "dwarf-with-dsym";
				ENABLE_NS_ASSERTIONS = NO;
				ENABLE_STRICT_OBJC_MSGSEND = YES;
				GCC_C_LANGUAGE_STANDARD = gnu11;
				GCC_NO_COMMON_BLOCKS = YES;
				GCC_WARN_64_TO_32_BIT_CONVERSION = YES;
				GCC_WARN_ABOUT_RETURN_TYPE = YES_ERROR;
				GCC_WARN_UNDECLARED_SELECTOR = YES;
				GCC_WARN_UNINITIALIZED_AUTOS = YES_AGGRESSIVE;
				GCC_WARN_UNUSED_FUNCTION = YES;
				GCC_WARN_UNUSED_VARIABLE = YES;
				IPHONEOS_DEPLOYMENT_TARGET = 14.4;
				MTL_ENABLE_DEBUG_INFO = NO;
				MTL_FAST_MATH = YES;
				SDKROOT = iphoneos;
				SWIFT_COMPILATION_MODE = wholemodule;
				SWIFT_OPTIMIZATION_LEVEL = "-O";
				VALIDATE_PRODUCT = YES;
			};
			name = Release;
		};
		49D355D326170A2F008B9550 /* Debug */ = {
			isa = XCBuildConfiguration;
			buildSettings = {
				ASSETCATALOG_COMPILER_APPICON_NAME = AppIcon;
				ASSETCATALOG_COMPILER_GLOBAL_ACCENT_COLOR_NAME = AccentColor;
				CODE_SIGN_STYLE = Automatic;
				DEVELOPMENT_ASSET_PATHS = "\"Play Set/Preview Content\"";
				DEVELOPMENT_TEAM = 4A2CHH4594;
				ENABLE_PREVIEWS = YES;
				INFOPLIST_FILE = "Play Set/Info.plist";
				IPHONEOS_DEPLOYMENT_TARGET = 14.0;
				LD_RUNPATH_SEARCH_PATHS = (
					"$(inherited)",
					"@executable_path/Frameworks",
				);
				PRODUCT_BUNDLE_IDENTIFIER = "vanek.Play-Set";
				PRODUCT_NAME = "$(TARGET_NAME)";
				SWIFT_VERSION = 5.0;
				TARGETED_DEVICE_FAMILY = "1,2";
			};
			name = Debug;
		};
		49D355D426170A2F008B9550 /* Release */ = {
			isa = XCBuildConfiguration;
			buildSettings = {
				ASSETCATALOG_COMPILER_APPICON_NAME = AppIcon;
				ASSETCATALOG_COMPILER_GLOBAL_ACCENT_COLOR_NAME = AccentColor;
				CODE_SIGN_STYLE = Automatic;
				DEVELOPMENT_ASSET_PATHS = "\"Play Set/Preview Content\"";
				DEVELOPMENT_TEAM = 4A2CHH4594;
				ENABLE_PREVIEWS = YES;
				INFOPLIST_FILE = "Play Set/Info.plist";
				IPHONEOS_DEPLOYMENT_TARGET = 14.0;
				LD_RUNPATH_SEARCH_PATHS = (
					"$(inherited)",
					"@executable_path/Frameworks",
				);
				PRODUCT_BUNDLE_IDENTIFIER = "vanek.Play-Set";
				PRODUCT_NAME = "$(TARGET_NAME)";
				SWIFT_VERSION = 5.0;
				TARGETED_DEVICE_FAMILY = "1,2";
			};
			name = Release;
		};
/* End XCBuildConfiguration section */

/* Begin XCConfigurationList section */
		49D355BE26170A2E008B9550 /* Build configuration list for PBXProject "Play Set" */ = {
			isa = XCConfigurationList;
			buildConfigurations = (
				49D355D026170A2F008B9550 /* Debug */,
				49D355D126170A2F008B9550 /* Release */,
			);
			defaultConfigurationIsVisible = 0;
			defaultConfigurationName = Release;
		};
		49D355D226170A2F008B9550 /* Build configuration list for PBXNativeTarget "Play Set" */ = {
			isa = XCConfigurationList;
			buildConfigurations = (
				49D355D326170A2F008B9550 /* Debug */,
				49D355D426170A2F008B9550 /* Release */,
			);
			defaultConfigurationIsVisible = 0;
			defaultConfigurationName = Release;
		};
/* End XCConfigurationList section */
	};
	rootObject = 49D355BB26170A2E008B9550 /* Project object */;
}
